
Microsoft Visual Studio Solution File, Format Version 12.00
# Visual Studio Version 16
VisualStudioVersion = 16.0.31702.278
MinimumVisualStudioVersion = 10.0.40219.1
Project("{9A19103F-16F7-4668-BE54-9A1E7A4F7556}") = "WordCounter", "TMG1DotNetCoreWPF\WordCounter.csproj", "{29E6B9E9-31FB-4D8F-AE3C-850D8F7DD64D}"
EndProject
Global
	GlobalSection(SolutionConfigurationPlatforms) = preSolution
		Debug|Any CPU = Debug|Any CPU
		Release|Any CPU = Release|Any CPU
	EndGlobalSection
	GlobalSection(ProjectConfigurationPlatforms) = postSolution
		{29E6B9E9-31FB-4D8F-AE3C-850D8F7DD64D}.Debug|Any CPU.ActiveCfg = Debug|Any CPU
		{29E6B9E9-31FB-4D8F-AE3C-850D8F7DD64D}.Debug|Any CPU.Build.0 = Debug|Any CPU
		{29E6B9E9-31FB-4D8F-AE3C-850D8F7DD64D}.Release|Any CPU.ActiveCfg = Release|Any CPU
		{29E6B9E9-31FB-4D8F-AE3C-850D8F7DD64D}.Release|Any CPU.Build.0 = Release|Any CPU
	EndGlobalSection
	GlobalSection(SolutionProperties) = preSolution
		HideSolutionNode = FALSE
	EndGlobalSection
	GlobalSection(ExtensibilityGlobals) = postSolution
		SolutionGuid = {1CA2B0EF-FEB8-40DB-9D56-10C29E13945F}
	EndGlobalSection
EndGlobal
